
Microsoft Visual Studio Solution File, Format Version 12.00
# Visual Studio Version 16
VisualStudioVersion = 16.0.31112.23
MinimumVisualStudioVersion = 10.0.40219.1
Project("{FAE04EC0-301F-11D3-BF4B-00C04F79EFBC}") = "ChatServidor", "ChatServidor\ChatServidor.csproj", "{D3D468EE-48D2-4E34-9345-47F486927114}"
EndProject
Project("{FAE04EC0-301F-11D3-BF4B-00C04F79EFBC}") = "ChatCliente", "ChatCliente\ChatCliente.csproj", "{CDE959F7-5F91-4D11-BE4D-CF5398F5928E}"
EndProject
Global
	GlobalSection(SolutionConfigurationPlatforms) = preSolution
		Debug|Any CPU = Debug|Any CPU
		Release|Any CPU = Release|Any CPU
	EndGlobalSection
	GlobalSection(ProjectConfigurationPlatforms) = postSolution
		{D3D468EE-48D2-4E34-9345-47F486927114}.Debug|Any CPU.ActiveCfg = Debug|Any CPU
		{D3D468EE-48D2-4E34-9345-47F486927114}.Debug|Any CPU.Build.0 = Debug|Any CPU
		{D3D468EE-48D2-4E34-9345-47F486927114}.Release|Any CPU.ActiveCfg = Release|Any CPU
		{D3D468EE-48D2-4E34-9345-47F486927114}.Release|Any CPU.Build.0 = Release|Any CPU
		{CDE959F7-5F91-4D11-BE4D-CF5398F5928E}.Debug|Any CPU.ActiveCfg = Debug|Any CPU
		{CDE959F7-5F91-4D11-BE4D-CF5398F5928E}.Debug|Any CPU.Build.0 = Debug|Any CPU
		{CDE959F7-5F91-4D11-BE4D-CF5398F5928E}.Release|Any CPU.ActiveCfg = Release|Any CPU
		{CDE959F7-5F91-4D11-BE4D-CF5398F5928E}.Release|Any CPU.Build.0 = Release|Any CPU
	EndGlobalSection
	GlobalSection(SolutionProperties) = preSolution
		HideSolutionNode = FALSE
	EndGlobalSection
	GlobalSection(ExtensibilityGlobals) = postSolution
		SolutionGuid = {0BADF218-80B5-4672-9B9B-E59D76CB76C2}
	EndGlobalSection
EndGlobal
